
Microsoft Visual Studio Solution File, Format Version 12.00
# Visual Studio Version 16
VisualStudioVersion = 16.0.31025.194
MinimumVisualStudioVersion = 10.0.40219.1
Project("{FAE04EC0-301F-11D3-BF4B-00C04F79EFBC}") = "Cafe_Repository", "Cafe_Repository\Cafe_Repository.csproj", "{8867ADF1-B96D-4397-BBD5-3D8045A404FF}"
EndProject
Project("{FAE04EC0-301F-11D3-BF4B-00C04F79EFBC}") = "Cafe_RepoTest", "Cafe_RepoTest\Cafe_RepoTest.csproj", "{5DA08DB3-A416-4F3E-BC6E-68C637996B95}"
EndProject
Project("{FAE04EC0-301F-11D3-BF4B-00C04F79EFBC}") = "Cafe_Console", "Cafe_Console\Cafe_Console.csproj", "{87AA4D6A-C371-4675-8129-EB105FD99996}"
EndProject
Project("{FAE04EC0-301F-11D3-BF4B-00C04F79EFBC}") = "KomodoClaims_Repository", "KomodoClaims_Repository\KomodoClaims_Repository.csproj", "{0EACF0D3-3947-405C-B941-6A39AD04EEF9}"
EndProject
Project("{FAE04EC0-301F-11D3-BF4B-00C04F79EFBC}") = "KomodoClaims_Tests", "KomodoClaims_Tests\KomodoClaims_Tests.csproj", "{7804BCFF-3908-46AF-A20A-454191C2F7E2}"
EndProject
Project("{FAE04EC0-301F-11D3-BF4B-00C04F79EFBC}") = "KomodoClaims_Console", "KomodoClaim_Console\KomodoClaims_Console.csproj", "{3872DCD5-5B87-4A24-94E7-F56289517F88}"
EndProject
Project("{FAE04EC0-301F-11D3-BF4B-00C04F79EFBC}") = "Badges_Repository", "Badges_Repository\Badges_Repository.csproj", "{99A25E47-FA3F-4157-BD7F-D829A4A86AE9}"
EndProject
Project("{FAE04EC0-301F-11D3-BF4B-00C04F79EFBC}") = "Outings_Repository", "Outings_Repository\Outings_Repository.csproj", "{3186462A-8D4B-4A6C-BE73-06D3910B678F}"
EndProject
Project("{FAE04EC0-301F-11D3-BF4B-00C04F79EFBC}") = "Greeting_Repository", "Greeting_Repository\Greeting_Repository.csproj", "{45D7A0AA-12CC-4615-998F-B8373524257C}"
EndProject
Project("{FAE04EC0-301F-11D3-BF4B-00C04F79EFBC}") = "Greeting_Test", "Customer_Test\Greeting_Test.csproj", "{964B1897-12CD-4956-8F49-876AAEEAEE41}"
EndProject
Project("{FAE04EC0-301F-11D3-BF4B-00C04F79EFBC}") = "Greeting_Console", "Greeting_Console\Greeting_Console.csproj", "{A969CB4E-BFA0-4450-A250-74DF4405443D}"
EndProject
Project("{FAE04EC0-301F-11D3-BF4B-00C04F79EFBC}") = "GreenProject_Repository", "GreenProject_Repository\GreenProject_Repository.csproj", "{6ACA43CB-C8DF-4AC5-8CFE-F36F5183426D}"
EndProject
Project("{FAE04EC0-301F-11D3-BF4B-00C04F79EFBC}") = "GreenProject_Tests", "GreenProject_Tests\GreenProject_Tests.csproj", "{D1356D39-A00C-4576-B6E4-17295CCDB0F1}"
EndProject
Project("{FAE04EC0-301F-11D3-BF4B-00C04F79EFBC}") = "GreenProject_Console", "GreenProject_Console\GreenProject_Console.csproj", "{879636CB-C3BE-4102-A083-97209050B908}"
EndProject
Global
	GlobalSection(SolutionConfigurationPlatforms) = preSolution
		Debug|Any CPU = Debug|Any CPU
		Release|Any CPU = Release|Any CPU
	EndGlobalSection
	GlobalSection(ProjectConfigurationPlatforms) = postSolution
		{8867ADF1-B96D-4397-BBD5-3D8045A404FF}.Debug|Any CPU.ActiveCfg = Debug|Any CPU
		{8867ADF1-B96D-4397-BBD5-3D8045A404FF}.Debug|Any CPU.Build.0 = Debug|Any CPU
		{8867ADF1-B96D-4397-BBD5-3D8045A404FF}.Release|Any CPU.ActiveCfg = Release|Any CPU
		{8867ADF1-B96D-4397-BBD5-3D8045A404FF}.Release|Any CPU.Build.0 = Release|Any CPU
		{5DA08DB3-A416-4F3E-BC6E-68C637996B95}.Debug|Any CPU.ActiveCfg = Debug|Any CPU
		{5DA08DB3-A416-4F3E-BC6E-68C637996B95}.Debug|Any CPU.Build.0 = Debug|Any CPU
		{5DA08DB3-A416-4F3E-BC6E-68C637996B95}.Release|Any CPU.ActiveCfg = Release|Any CPU
		{5DA08DB3-A416-4F3E-BC6E-68C637996B95}.Release|Any CPU.Build.0 = Release|Any CPU
		{87AA4D6A-C371-4675-8129-EB105FD99996}.Debug|Any CPU.ActiveCfg = Debug|Any CPU
		{87AA4D6A-C371-4675-8129-EB105FD99996}.Debug|Any CPU.Build.0 = Debug|Any CPU
		{87AA4D6A-C371-4675-8129-EB105FD99996}.Release|Any CPU.ActiveCfg = Release|Any CPU
		{87AA4D6A-C371-4675-8129-EB105FD99996}.Release|Any CPU.Build.0 = Release|Any CPU
		{0EACF0D3-3947-405C-B941-6A39AD04EEF9}.Debug|Any CPU.ActiveCfg = Debug|Any CPU
		{0EACF0D3-3947-405C-B941-6A39AD04EEF9}.Debug|Any CPU.Build.0 = Debug|Any CPU
		{0EACF0D3-3947-405C-B941-6A39AD04EEF9}.Release|Any CPU.ActiveCfg = Release|Any CPU
		{0EACF0D3-3947-405C-B941-6A39AD04EEF9}.Release|Any CPU.Build.0 = Release|Any CPU
		{7804BCFF-3908-46AF-A20A-454191C2F7E2}.Debug|Any CPU.ActiveCfg = Debug|Any CPU
		{7804BCFF-3908-46AF-A20A-454191C2F7E2}.Debug|Any CPU.Build.0 = Debug|Any CPU
		{7804BCFF-3908-46AF-A20A-454191C2F7E2}.Release|Any CPU.ActiveCfg = Release|Any CPU
		{7804BCFF-3908-46AF-A20A-454191C2F7E2}.Release|Any CPU.Build.0 = Release|Any CPU
		{3872DCD5-5B87-4A24-94E7-F56289517F88}.Debug|Any CPU.ActiveCfg = Debug|Any CPU
		{3872DCD5-5B87-4A24-94E7-F56289517F88}.Debug|Any CPU.Build.0 = Debug|Any CPU
		{3872DCD5-5B87-4A24-94E7-F56289517F88}.Release|Any CPU.ActiveCfg = Release|Any CPU
		{3872DCD5-5B87-4A24-94E7-F56289517F88}.Release|Any CPU.Build.0 = Release|Any CPU
		{99A25E47-FA3F-4157-BD7F-D829A4A86AE9}.Debug|Any CPU.ActiveCfg = Debug|Any CPU
		{99A25E47-FA3F-4157-BD7F-D829A4A86AE9}.Debug|Any CPU.Build.0 = Debug|Any CPU
		{99A25E47-FA3F-4157-BD7F-D829A4A86AE9}.Release|Any CPU.ActiveCfg = Release|Any CPU
		{99A25E47-FA3F-4157-BD7F-D829A4A86AE9}.Release|Any CPU.Build.0 = Release|Any CPU
		{3186462A-8D4B-4A6C-BE73-06D3910B678F}.Debug|Any CPU.ActiveCfg = Debug|Any CPU
		{3186462A-8D4B-4A6C-BE73-06D3910B678F}.Debug|Any CPU.Build.0 = Debug|Any CPU
		{3186462A-8D4B-4A6C-BE73-06D3910B678F}.Release|Any CPU.ActiveCfg = Release|Any CPU
		{3186462A-8D4B-4A6C-BE73-06D3910B678F}.Release|Any CPU.Build.0 = Release|Any CPU
		{45D7A0AA-12CC-4615-998F-B8373524257C}.Debug|Any CPU.ActiveCfg = Debug|Any CPU
		{45D7A0AA-12CC-4615-998F-B8373524257C}.Debug|Any CPU.Build.0 = Debug|Any CPU
		{45D7A0AA-12CC-4615-998F-B8373524257C}.Release|Any CPU.ActiveCfg = Release|Any CPU
		{45D7A0AA-12CC-4615-998F-B8373524257C}.Release|Any CPU.Build.0 = Release|Any CPU
		{964B1897-12CD-4956-8F49-876AAEEAEE41}.Debug|Any CPU.ActiveCfg = Debug|Any CPU
		{964B1897-12CD-4956-8F49-876AAEEAEE41}.Debug|Any CPU.Build.0 = Debug|Any CPU
		{964B1897-12CD-4956-8F49-876AAEEAEE41}.Release|Any CPU.ActiveCfg = Release|Any CPU
		{964B1897-12CD-4956-8F49-876AAEEAEE41}.Release|Any CPU.Build.0 = Release|Any CPU
		{A969CB4E-BFA0-4450-A250-74DF4405443D}.Debug|Any CPU.ActiveCfg = Debug|Any CPU
		{A969CB4E-BFA0-4450-A250-74DF4405443D}.Debug|Any CPU.Build.0 = Debug|Any CPU
		{A969CB4E-BFA0-4450-A250-74DF4405443D}.Release|Any CPU.ActiveCfg = Release|Any CPU
		{A969CB4E-BFA0-4450-A250-74DF4405443D}.Release|Any CPU.Build.0 = Release|Any CPU
		{6ACA43CB-C8DF-4AC5-8CFE-F36F5183426D}.Debug|Any CPU.ActiveCfg = Debug|Any CPU
		{6ACA43CB-C8DF-4AC5-8CFE-F36F5183426D}.Debug|Any CPU.Build.0 = Debug|Any CPU
		{6ACA43CB-C8DF-4AC5-8CFE-F36F5183426D}.Release|Any CPU.ActiveCfg = Release|Any CPU
		{6ACA43CB-C8DF-4AC5-8CFE-F36F5183426D}.Release|Any CPU.Build.0 = Release|Any CPU
		{D1356D39-A00C-4576-B6E4-17295CCDB0F1}.Debug|Any CPU.ActiveCfg = Debug|Any CPU
		{D1356D39-A00C-4576-B6E4-17295CCDB0F1}.Debug|Any CPU.Build.0 = Debug|Any CPU
		{D1356D39-A00C-4576-B6E4-17295CCDB0F1}.Release|Any CPU.ActiveCfg = Release|Any CPU
		{D1356D39-A00C-4576-B6E4-17295CCDB0F1}.Release|Any CPU.Build.0 = Release|Any CPU
		{879636CB-C3BE-4102-A083-97209050B908}.Debug|Any CPU.ActiveCfg = Debug|Any CPU
		{879636CB-C3BE-4102-A083-97209050B908}.Debug|Any CPU.Build.0 = Debug|Any CPU
		{879636CB-C3BE-4102-A083-97209050B908}.Release|Any CPU.ActiveCfg = Release|Any CPU
		{879636CB-C3BE-4102-A083-97209050B908}.Release|Any CPU.Build.0 = Release|Any CPU
	EndGlobalSection
	GlobalSection(SolutionProperties) = preSolution
		HideSolutionNode = FALSE
	EndGlobalSection
	GlobalSection(ExtensibilityGlobals) = postSolution
		SolutionGuid = {270791C7-65DA-42FE-9B30-F798E8C47B07}
	EndGlobalSection
EndGlobal
