
Microsoft Visual Studio Solution File, Format Version 12.00
# Visual Studio Version 16
VisualStudioVersion = 16.0.31025.194
MinimumVisualStudioVersion = 10.0.40219.1
Project("{FAE04EC0-301F-11D3-BF4B-00C04F79EFBC}") = "Cafe_Repository", "Cafe_Repository\Cafe_Repository.csproj", "{8867ADF1-B96D-4397-BBD5-3D8045A404FF}"
EndProject
Project("{FAE04EC0-301F-11D3-BF4B-00C04F79EFBC}") = "Cafe_RepoTest", "Cafe_RepoTest\Cafe_RepoTest.csproj", "{5DA08DB3-A416-4F3E-BC6E-68C637996B95}"
EndProject
Project("{FAE04EC0-301F-11D3-BF4B-00C04F79EFBC}") = "Cafe_Console", "Cafe_Console\Cafe_Console.csproj", "{87AA4D6A-C371-4675-8129-EB105FD99996}"
EndProject
Global
	GlobalSection(SolutionConfigurationPlatforms) = preSolution
		Debug|Any CPU = Debug|Any CPU
		Release|Any CPU = Release|Any CPU
	EndGlobalSection
	GlobalSection(ProjectConfigurationPlatforms) = postSolution
		{8867ADF1-B96D-4397-BBD5-3D8045A404FF}.Debug|Any CPU.ActiveCfg = Debug|Any CPU
		{8867ADF1-B96D-4397-BBD5-3D8045A404FF}.Debug|Any CPU.Build.0 = Debug|Any CPU
		{8867ADF1-B96D-4397-BBD5-3D8045A404FF}.Release|Any CPU.ActiveCfg = Release|Any CPU
		{8867ADF1-B96D-4397-BBD5-3D8045A404FF}.Release|Any CPU.Build.0 = Release|Any CPU
		{5DA08DB3-A416-4F3E-BC6E-68C637996B95}.Debug|Any CPU.ActiveCfg = Debug|Any CPU
		{5DA08DB3-A416-4F3E-BC6E-68C637996B95}.Debug|Any CPU.Build.0 = Debug|Any CPU
		{5DA08DB3-A416-4F3E-BC6E-68C637996B95}.Release|Any CPU.ActiveCfg = Release|Any CPU
		{5DA08DB3-A416-4F3E-BC6E-68C637996B95}.Release|Any CPU.Build.0 = Release|Any CPU
		{87AA4D6A-C371-4675-8129-EB105FD99996}.Debug|Any CPU.ActiveCfg = Debug|Any CPU
		{87AA4D6A-C371-4675-8129-EB105FD99996}.Debug|Any CPU.Build.0 = Debug|Any CPU
		{87AA4D6A-C371-4675-8129-EB105FD99996}.Release|Any CPU.ActiveCfg = Release|Any CPU
		{87AA4D6A-C371-4675-8129-EB105FD99996}.Release|Any CPU.Build.0 = Release|Any CPU
	EndGlobalSection
	GlobalSection(SolutionProperties) = preSolution
		HideSolutionNode = FALSE
	EndGlobalSection
	GlobalSection(ExtensibilityGlobals) = postSolution
		SolutionGuid = {270791C7-65DA-42FE-9B30-F798E8C47B07}
	EndGlobalSection
EndGlobal
